hash: 2caf41be7498f37ffe2f9d7e36e7f922b8fb832a29332d4dae18d9a069dae23f
updated: 2016-12-11T17:09:42.074684802+08:00
imports:
- name: github.com/jmoiron/sqlx
  version: cac998c4f0959c19c638c523e374fa8e4e0bcfe3
- name: github.com/labstack/echo
  version: 8d504c1b699c757b267255c53b3e5219f9974abc
testImports: []
